PODS:
  - appcenter (0.0.1):
    - AppCenter
    - Flutter
  - AppCenter (1.2.0):
    - AppCenter/Analytics (= 1.2.0)
    - AppCenter/Crashes (= 1.2.0)
  - AppCenter/Analytics (1.2.0):
    - AppCenter/Core
  - AppCenter/Core (1.2.0)
  - AppCenter/Crashes (1.2.0):
    - AppCenter/Core
  - appcenter_analytics (0.0.1):
    - AppCenter/Analytics
    - Flutter
  - appcenter_crashes (0.0.1):
    - AppCenter/Crashes
    - Flutter
  - Flutter (1.0.0)

DEPENDENCIES:
  - appcenter (from `/Users/dihei/Code/flutter/flutter_plugin_appcenter/src/appcenter/ios`)
  - appcenter_analytics (from `/Users/dihei/Code/flutter/flutter_plugin_appcenter/src/appcenter_analytics/ios`)
  - appcenter_crashes (from `/Users/dihei/Code/flutter/flutter_plugin_appcenter/src/appcenter_crashes/ios`)
  - Flutter (from `/Users/dihei/Code/flutter/flutter/bin/cache/artifacts/engine/ios`)

SPEC REPOS:
  trunk:
    - AppCenter

EXTERNAL SOURCES:
  appcenter:
    :path: "/Users/dihei/Code/flutter/flutter_plugin_appcenter/src/appcenter/ios"
  appcenter_analytics:
    :path: "/Users/dihei/Code/flutter/flutter_plugin_appcenter/src/appcenter_analytics/ios"
  appcenter_crashes:
    :path: "/Users/dihei/Code/flutter/flutter_plugin_appcenter/src/appcenter_crashes/ios"
  Flutter:
    :path: "/Users/dihei/Code/flutter/flutter/bin/cache/artifacts/engine/ios"

SPEC CHECKSUMS:
  AppCenter: d0b68b2a7a87ac0aed78e66f36d87fd321d0a29c
  appcenter: ec63d9079174977ead44a0040ff083d6dd4c94c5
  appcenter_analytics: 46cd35cb5fac57f7a4b2ae5d5040f984b4ad4b5a
  appcenter_crashes: 1b06d86617183e4778779b59f85a25c4bbc89493
  Flutter: 0e3d915762c693b495b44d77113d4970485de6ec

PODFILE CHECKSUM: 351e02e34b831289961ec3558a535cbd2c4965d2

COCOAPODS: 1.8.3
